# This file is automatically @generated by Cargo.
# It is not intended for manual editing.
[[package]]
name = "acmd"
version = "0.1.0"
source = "git+https://github.com/ultimate-research/skyline-acmd.git#b6703e7c49564a409612df66e25c19a38de83683"
dependencies = [
 "acmd_proc_macros",
 "skyline_smash",
]

[[package]]
name = "acmd_proc_macros"
version = "0.1.0"
source = "git+https://github.com/ultimate-research/skyline-acmd.git#b6703e7c49564a409612df66e25c19a38de83683"
dependencies = [
 "proc-macro2",
 "quote",
 "syn",
]

[[package]]
name = "compile-time-lua-bind-hash"
version = "1.1.1"
source = "registry+https://github.com/rust-lang/crates.io-index"
checksum = "660bcccd4aaa4836cb685952d9ea4fb2b57d2565f4fd0c492fce4d2c0a1be0c0"
dependencies = [
 "lua_bind_hash",
 "quote",
 "syn",
]

[[package]]
name = "lazy_static"
version = "1.4.0"
source = "registry+https://github.com/rust-lang/crates.io-index"
checksum = "e2abad23fbc42b3700f2f279844dc832adb2b2eb069b2df918f455c4e18cc646"

[[package]]
name = "libc-nnsdk"
version = "0.0.1"
source = "git+https://github.com/ultimate-research/libc-nnsdk.git#82a83a6ebd519babb90b41bc9da4f564c367d54c"

[[package]]
name = "lua_bind_hash"
version = "1.0.1"
source = "registry+https://github.com/rust-lang/crates.io-index"
checksum = "ee9675fd198b39d86a7d5d20c59ae9639a3b4157f28ebd6cc09b9f1397ab118a"

[[package]]
name = "nnsdk"
version = "0.1.0"
source = "git+https://github.com/ultimate-research/nnsdk-rs.git#791aebe9b101fa269690fad5918fdd615573c98e"
dependencies = [
 "libc-nnsdk",
]

[[package]]
name = "paste"
version = "1.0.5"
source = "registry+https://github.com/rust-lang/crates.io-index"
checksum = "acbf547ad0c65e31259204bd90935776d1c693cec2f4ff7abb7a1bbbd40dfe58"

[[package]]
name = "proc-macro2"
version = "1.0.28"
source = "registry+https://github.com/rust-lang/crates.io-index"
checksum = "5c7ed8b8c7b886ea3ed7dde405212185f423ab44682667c8c6dd14aa1d9f6612"
dependencies = [
 "unicode-xid",
]

[[package]]
name = "quote"
version = "1.0.9"
source = "registry+https://github.com/rust-lang/crates.io-index"
checksum = "c3d0b9745dc2debf507c8422de05d7226cc1f0644216dfdfead988f9b1ab32a7"
dependencies = [
 "proc-macro2",
]

[[package]]
name = "skyline"
version = "0.1.0"
source = "git+https://github.com/ultimate-research/skyline-rs.git#e73e0db86c740c5231aaad2e9eaffe87a24afe15"
dependencies = [
 "libc-nnsdk",
 "nnsdk",
 "skyline_macro",
]

[[package]]
name = "skyline_macro"
version = "0.1.0"
source = "git+https://github.com/ultimate-research/skyline-rs.git#e73e0db86c740c5231aaad2e9eaffe87a24afe15"
dependencies = [
 "lazy_static",
 "proc-macro2",
 "quote",
 "syn",
]

[[package]]
name = "skyline_smash"
version = "0.1.0"
source = "git+https://github.com/ultimate-research/skyline-smash.git#d70afb0372e9adb5583f1038f5d3ec20851c31be"
dependencies = [
 "compile-time-lua-bind-hash",
 "lazy_static",
 "libc-nnsdk",
 "paste",
 "skyline",
]

[[package]]
name = "syn"
version = "1.0.75"
source = "registry+https://github.com/rust-lang/crates.io-index"
checksum = "b7f58f7e8eaa0009c5fec437aabf511bd9933e4b2d7407bd05273c01a8906ea7"
dependencies = [
 "proc-macro2",
 "quote",
 "unicode-xid",
]

[[package]]
name = "training_ease"
version = "1.0.0"
dependencies = [
 "acmd",
 "skyline",
 "skyline_smash",
]

[[package]]
name = "unicode-xid"
version = "0.2.2"
source = "registry+https://github.com/rust-lang/crates.io-index"
checksum = "8ccb82d61f80a663efe1f787a51b16b5a51e3314d6ac365b08639f52387b33f3"
